
Microsoft Visual Studio Solution File, Format Version 12.00
# Visual Studio Version 16
VisualStudioVersion = 16.0.30907.101
MinimumVisualStudioVersion = 10.0.40219.1
Project("{FAE04EC0-301F-11D3-BF4B-00C04F79EFBC}") = "Asker", "Asker.csproj", "{B3B18F0F-EC8E-44AC-B3C2-02D03A9152B5}"
EndProject
Global
	GlobalSection(SolutionConfigurationPlatforms) = preSolution
		Debug|Any CPU = Debug|Any CPU
		Release|Any CPU = Release|Any CPU
	EndGlobalSection
	GlobalSection(ProjectConfigurationPlatforms) = postSolution
		{B3B18F0F-EC8E-44AC-B3C2-02D03A9152B5}.Debug|Any CPU.ActiveCfg = Debug|Any CPU
		{B3B18F0F-EC8E-44AC-B3C2-02D03A9152B5}.Debug|Any CPU.Build.0 = Debug|Any CPU
		{B3B18F0F-EC8E-44AC-B3C2-02D03A9152B5}.Release|Any CPU.ActiveCfg = Release|Any CPU
		{B3B18F0F-EC8E-44AC-B3C2-02D03A9152B5}.Release|Any CPU.Build.0 = Release|Any CPU
	EndGlobalSection
	GlobalSection(SolutionProperties) = preSolution
		HideSolutionNode = FALSE
	EndGlobalSection
	GlobalSection(ExtensibilityGlobals) = postSolution
		SolutionGuid = {F1A48724-8D87-4A62-9461-2F0CE7952938}
	EndGlobalSection
EndGlobal
